
Microsoft Visual Studio Solution File, Format Version 12.00
# Visual Studio Version 17
VisualStudioVersion = 17.8.34511.84
MinimumVisualStudioVersion = 10.0.40219.1
Project("{FAE04EC0-301F-11D3-BF4B-00C04F79EFBC}") = "NLayerStaj", "NLayerStaj\NLayerStaj.csproj", "{F9A21065-75B0-4C1F-A56F-3B98D185DC72}"
EndProject
Global
	GlobalSection(SolutionConfigurationPlatforms) = preSolution
		Debug|Any CPU = Debug|Any CPU
		Release|Any CPU = Release|Any CPU
	EndGlobalSection
	GlobalSection(ProjectConfigurationPlatforms) = postSolution
		{F9A21065-75B0-4C1F-A56F-3B98D185DC72}.Debug|Any CPU.ActiveCfg = Debug|Any CPU
		{F9A21065-75B0-4C1F-A56F-3B98D185DC72}.Debug|Any CPU.Build.0 = Debug|Any CPU
		{F9A21065-75B0-4C1F-A56F-3B98D185DC72}.Release|Any CPU.ActiveCfg = Release|Any CPU
		{F9A21065-75B0-4C1F-A56F-3B98D185DC72}.Release|Any CPU.Build.0 = Release|Any CPU
	EndGlobalSection
	GlobalSection(SolutionProperties) = preSolution
		HideSolutionNode = FALSE
	EndGlobalSection
	GlobalSection(ExtensibilityGlobals) = postSolution
		SolutionGuid = {89CF56BA-3C63-4FF4-829D-5B0383452BD7}
	EndGlobalSection
EndGlobal
